
Microsoft Visual Studio Solution File, Format Version 12.00
# Visual Studio Version 17
VisualStudioVersion = 17.14.36408.4 d17.14
MinimumVisualStudioVersion = 10.0.40219.1
Project("{F184B08F-C81C-45F6-A57F-5ABD9991F28F}") = "Inventor_Tools", "Inventor_Tools.vbproj", "{C062881D-CCBB-49BA-B0C5-78AE9773BC7F}"
EndProject
Global
	GlobalSection(SolutionConfigurationPlatforms) = preSolution
		Debug|Any CPU = Debug|Any CPU
		Release|Any CPU = Release|Any CPU
	EndGlobalSection
	GlobalSection(ProjectConfigurationPlatforms) = postSolution
		{C062881D-CCBB-49BA-B0C5-78AE9773BC7F}.Debug|Any CPU.ActiveCfg = Debug|Any CPU
		{C062881D-CCBB-49BA-B0C5-78AE9773BC7F}.Debug|Any CPU.Build.0 = Debug|Any CPU
		{C062881D-CCBB-49BA-B0C5-78AE9773BC7F}.Release|Any CPU.ActiveCfg = Release|Any CPU
		{C062881D-CCBB-49BA-B0C5-78AE9773BC7F}.Release|Any CPU.Build.0 = Release|Any CPU
	EndGlobalSection
	GlobalSection(SolutionProperties) = preSolution
		HideSolutionNode = FALSE
	EndGlobalSection
	GlobalSection(ExtensibilityGlobals) = postSolution
		SolutionGuid = {3AC7201A-81BF-428C-B3CC-01EEBA31F0ED}
	EndGlobalSection
EndGlobal
